
Microsoft Visual Studio Solution File, Format Version 12.00
# Visual Studio 14
VisualStudioVersion = 14.0.25420.1
MinimumVisualStudioVersion = 10.0.40219.1
Project("{2150E333-8FDC-42A3-9474-1A3956D46DE8}") = "src", "src", "{4D0A7FD9-E349-48CD-88F1-1B38B4C8F380}"
EndProject
Project("{2150E333-8FDC-42A3-9474-1A3956D46DE8}") = "Solution Items", "Solution Items", "{7AE73F6C-4C98-4912-A7D4-8CAC25381F0F}"
	ProjectSection(SolutionItems) = preProject
		global.json = global.json
	EndProjectSection
EndProject
Project("{8BB2217D-0F2D-49D1-97BC-3654ED321F3B}") = "StockholmNewcomers", "src\StockholmNewcomers\StockholmNewcomers.xproj", "{B01A850E-6E12-4935-86CE-B42D60D2AF53}"
EndProject
Global
	GlobalSection(SolutionConfigurationPlatforms) = preSolution
		Debug|Any CPU = Debug|Any CPU
		Release|Any CPU = Release|Any CPU
	EndGlobalSection
	GlobalSection(ProjectConfigurationPlatforms) = postSolution
		{B01A850E-6E12-4935-86CE-B42D60D2AF53}.Debug|Any CPU.ActiveCfg = Debug|Any CPU
		{B01A850E-6E12-4935-86CE-B42D60D2AF53}.Debug|Any CPU.Build.0 = Debug|Any CPU
		{B01A850E-6E12-4935-86CE-B42D60D2AF53}.Release|Any CPU.ActiveCfg = Release|Any CPU
		{B01A850E-6E12-4935-86CE-B42D60D2AF53}.Release|Any CPU.Build.0 = Release|Any CPU
	EndGlobalSection
	GlobalSection(SolutionProperties) = preSolution
		HideSolutionNode = FALSE
	EndGlobalSection
	GlobalSection(NestedProjects) = preSolution
		{B01A850E-6E12-4935-86CE-B42D60D2AF53} = {4D0A7FD9-E349-48CD-88F1-1B38B4C8F380}
	EndGlobalSection
EndGlobal
